
Microsoft Visual Studio Solution File, Format Version 12.00
# Visual Studio Version 16
VisualStudioVersion = 16.0.33214.272
MinimumVisualStudioVersion = 10.0.40219.1
Project("{FAE04EC0-301F-11D3-BF4B-00C04F79EFBC}") = "Authentication_Lab414", "Authentication_Lab414\Authentication_Lab414.csproj", "{8DB759A0-7376-49BB-826D-5A148EAE4E07}"
EndProject
Global
	GlobalSection(SolutionConfigurationPlatforms) = preSolution
		Debug|Any CPU = Debug|Any CPU
		Release|Any CPU = Release|Any CPU
	EndGlobalSection
	GlobalSection(ProjectConfigurationPlatforms) = postSolution
		{8DB759A0-7376-49BB-826D-5A148EAE4E07}.Debug|Any CPU.ActiveCfg = Debug|Any CPU
		{8DB759A0-7376-49BB-826D-5A148EAE4E07}.Debug|Any CPU.Build.0 = Debug|Any CPU
		{8DB759A0-7376-49BB-826D-5A148EAE4E07}.Release|Any CPU.ActiveCfg = Release|Any CPU
		{8DB759A0-7376-49BB-826D-5A148EAE4E07}.Release|Any CPU.Build.0 = Release|Any CPU
	EndGlobalSection
	GlobalSection(SolutionProperties) = preSolution
		HideSolutionNode = FALSE
	EndGlobalSection
	GlobalSection(ExtensibilityGlobals) = postSolution
		SolutionGuid = {B5E48B8D-1F17-4A77-B9DC-8707413AE25E}
	EndGlobalSection
EndGlobal
